
Microsoft Visual Studio Solution File, Format Version 12.00
# Visual Studio Version 17
VisualStudioVersion = 17.5.002.0
MinimumVisualStudioVersion = 10.0.40219.1
Project("{2150E333-8FDC-42A3-9474-1A3956D46DE8}") = "GuidedProject", "GuidedProject", "{29478672-28BE-410B-A9DC-88B7FA9E0F1A}"
EndProject
Project("{9A19103F-16F7-4668-BE54-9A1E7A4F7556}") = "Final", "GuidedProject\Final\Final.csproj", "{2F6C3A1E-C394-42F3-BAAE-232BC07EDC7E}"
EndProject
Project("{9A19103F-16F7-4668-BE54-9A1E7A4F7556}") = "Starter", "GuidedProject\Starter\Starter.csproj", "{A23DBD63-04B4-4C3D-8E44-236BD017137F}"
EndProject
Global
	GlobalSection(SolutionConfigurationPlatforms) = preSolution
		Debug|Any CPU = Debug|Any CPU
		Release|Any CPU = Release|Any CPU
	EndGlobalSection
	GlobalSection(ProjectConfigurationPlatforms) = postSolution
		{2F6C3A1E-C394-42F3-BAAE-232BC07EDC7E}.Debug|Any CPU.ActiveCfg = Debug|Any CPU
		{2F6C3A1E-C394-42F3-BAAE-232BC07EDC7E}.Debug|Any CPU.Build.0 = Debug|Any CPU
		{2F6C3A1E-C394-42F3-BAAE-232BC07EDC7E}.Release|Any CPU.ActiveCfg = Release|Any CPU
		{2F6C3A1E-C394-42F3-BAAE-232BC07EDC7E}.Release|Any CPU.Build.0 = Release|Any CPU
		{A23DBD63-04B4-4C3D-8E44-236BD017137F}.Debug|Any CPU.ActiveCfg = Debug|Any CPU
		{A23DBD63-04B4-4C3D-8E44-236BD017137F}.Debug|Any CPU.Build.0 = Debug|Any CPU
		{A23DBD63-04B4-4C3D-8E44-236BD017137F}.Release|Any CPU.ActiveCfg = Release|Any CPU
		{A23DBD63-04B4-4C3D-8E44-236BD017137F}.Release|Any CPU.Build.0 = Release|Any CPU
	EndGlobalSection
	GlobalSection(SolutionProperties) = preSolution
		HideSolutionNode = FALSE
	EndGlobalSection
	GlobalSection(NestedProjects) = preSolution
		{2F6C3A1E-C394-42F3-BAAE-232BC07EDC7E} = {29478672-28BE-410B-A9DC-88B7FA9E0F1A}
		{A23DBD63-04B4-4C3D-8E44-236BD017137F} = {29478672-28BE-410B-A9DC-88B7FA9E0F1A}
	EndGlobalSection
	GlobalSection(ExtensibilityGlobals) = postSolution
		SolutionGuid = {4FECE46B-EED8-4395-B865-EE7BA3BE5875}
	EndGlobalSection
EndGlobal
